
Microsoft Visual Studio Solution File, Format Version 12.00
# Visual Studio Version 17
VisualStudioVersion = 17.0.31919.166
MinimumVisualStudioVersion = 10.0.40219.1
Project("{FAE04EC0-301F-11D3-BF4B-00C04F79EFBC}") = "ConsoleAppLesson6-2", "ConsoleAppLesson6-2\ConsoleAppLesson6-2.csproj", "{670E81F2-554D-4915-BBF2-787823D6BE05}"
EndProject
Global
	GlobalSection(SolutionConfigurationPlatforms) = preSolution
		Debug|Any CPU = Debug|Any CPU
		Release|Any CPU = Release|Any CPU
	EndGlobalSection
	GlobalSection(ProjectConfigurationPlatforms) = postSolution
		{670E81F2-554D-4915-BBF2-787823D6BE05}.Debug|Any CPU.ActiveCfg = Debug|Any CPU
		{670E81F2-554D-4915-BBF2-787823D6BE05}.Debug|Any CPU.Build.0 = Debug|Any CPU
		{670E81F2-554D-4915-BBF2-787823D6BE05}.Release|Any CPU.ActiveCfg = Release|Any CPU
		{670E81F2-554D-4915-BBF2-787823D6BE05}.Release|Any CPU.Build.0 = Release|Any CPU
	EndGlobalSection
	GlobalSection(SolutionProperties) = preSolution
		HideSolutionNode = FALSE
	EndGlobalSection
	GlobalSection(ExtensibilityGlobals) = postSolution
		SolutionGuid = {E8E2077F-E012-431A-AE2C-233F149EC0C5}
	EndGlobalSection
EndGlobal
